// !$*UTF8*$!
{
	archiveVersion = 1;
	classes = {
	};
	objectVersion = 77;
	objects = {

/* Begin PBXBuildFile section */
		AE33B1B32D51DAAF00B4908F /* CombineMoya in Frameworks */ = {isa = PBXBuildFile; productRef = AE33B1B22D51DAAF00B4908F /* CombineMoya */; };
		AE33B1B52D51DAAF00B4908F /* Moya in Frameworks */ = {isa = PBXBuildFile; productRef = AE33B1B42D51DAAF00B4908F /* Moya */; };
		AE33B1B72D51DAAF00B4908F /* ReactiveMoya in Frameworks */ = {isa = PBXBuildFile; productRef = AE33B1B62D51DAAF00B4908F /* ReactiveMoya */; };
		AE33B1B92D51DAAF00B4908F /* RxMoya in Frameworks */ = {isa = PBXBuildFile; productRef = AE33B1B82D51DAAF00B4908F /* RxMoya */; };
		AEC1DD592D52E36200A62720 /* Swinject in Frameworks */ = {isa = PBXBuildFile; productRef = AEC1DD582D52E36200A62720 /* Swinject */; };
		AEC1DD642D52E3F300A62720 /* SwinjectAutoregistration in Frameworks */ = {isa = PBXBuildFile; productRef = AEC1DD632D52E3F300A62720 /* SwinjectAutoregistration */; };
/* End PBXBuildFile section */

/* Begin PBXContainerItemProxy section */
		AE7EABCA2D4F31B1001377DC /* PBXContainerItemProxy */ = {
			isa = PBXContainerItemProxy;
			containerPortal = AE7EABB12D4F31AE001377DC /* Project object */;
			proxyType = 1;
			remoteGlobalIDString = AE7EABB82D4F31AE001377DC;
			remoteInfo = RickAndMorty;
		};
		AE7EABD42D4F31B1001377DC /* PBXContainerItemProxy */ = {
			isa = PBXContainerItemProxy;
			containerPortal = AE7EABB12D4F31AE001377DC /* Project object */;
			proxyType = 1;
			remoteGlobalIDString = AE7EABB82D4F31AE001377DC;
			remoteInfo = RickAndMorty;
		};
/* End PBXContainerItemProxy section */

/* Begin PBXFileReference section */
		AE7EABB92D4F31AE001377DC /* RickAndMorty.app */ = {isa = PBXFileReference; explicitFileType = wrapper.application; includeInIndex = 0; path = RickAndMorty.app; sourceTree = BUILT_PRODUCTS_DIR; };
		AE7EABC92D4F31B1001377DC /* RickAndMortyTests.xctest */ = {isa = PBXFileReference; explicitFileType = wrapper.cfbundle; includeInIndex = 0; path = RickAndMortyTests.xctest; sourceTree = BUILT_PRODUCTS_DIR; };
		AE7EABD32D4F31B1001377DC /* RickAndMortyUITests.xctest */ = {isa = PBXFileReference; explicitFileType = wrapper.cfbundle; includeInIndex = 0; path = RickAndMortyUITests.xctest; sourceTree = BUILT_PRODUCTS_DIR; };
/* End PBXFileReference section */

/* Begin PBXFileSystemSynchronizedRootGroup section */
		AE7EABBB2D4F31AE001377DC /* RickAndMorty */ = {
			isa = PBXFileSystemSynchronizedRootGroup;
			path = RickAndMorty;
			sourceTree = "<group>";
		};
		AE7EABCC2D4F31B1001377DC /* RickAndMortyTests */ = {
			isa = PBXFileSystemSynchronizedRootGroup;
			path = RickAndMortyTests;
			sourceTree = "<group>";
		};
		AE7EABD62D4F31B1001377DC /* RickAndMortyUITests */ = {
			isa = PBXFileSystemSynchronizedRootGroup;
			path = RickAndMortyUITests;
			sourceTree = "<group>";
		};
/* End PBXFileSystemSynchronizedRootGroup section */

/* Begin PBXFrameworksBuildPhase section */
		AE7EABB62D4F31AE001377DC /* Frameworks */ = {
			isa = PBXFrameworksBuildPhase;
			buildActionMask = 2147483647;
			files = (
				AEC1DD642D52E3F300A62720 /* SwinjectAutoregistration in Frameworks */,
				AE33B1B52D51DAAF00B4908F /* Moya in Frameworks */,
				AEC1DD592D52E36200A62720 /* Swinject in Frameworks */,
				AE33B1B32D51DAAF00B4908F /* CombineMoya in Frameworks */,
				AE33B1B92D51DAAF00B4908F /* RxMoya in Frameworks */,
				AE33B1B72D51DAAF00B4908F /* ReactiveMoya in Frameworks */,
			);
			runOnlyForDeploymentPostprocessing = 0;
		};
		AE7EABC62D4F31B1001377DC /* Frameworks */ = {
			isa = PBXFrameworksBuildPhase;
			buildActionMask = 2147483647;
			files = (
			);
			runOnlyForDeploymentPostprocessing = 0;
		};
		AE7EABD02D4F31B1001377DC /* Frameworks */ = {
			isa = PBXFrameworksBuildPhase;
			buildActionMask = 2147483647;
			files = (
			);
			runOnlyForDeploymentPostprocessing = 0;
		};
/* End PBXFrameworksBuildPhase section */

/* Begin PBXGroup section */
		AE7EABB02D4F31AE001377DC = {
			isa = PBXGroup;
			children = (
				AE7EABBB2D4F31AE001377DC /* RickAndMorty */,
				AE7EABCC2D4F31B1001377DC /* RickAndMortyTests */,
				AE7EABD62D4F31B1001377DC /* RickAndMortyUITests */,
				AE7EABBA2D4F31AE001377DC /* Products */,
			);
			sourceTree = "<group>";
		};
		AE7EABBA2D4F31AE001377DC /* Products */ = {
			isa = PBXGroup;
			children = (
				AE7EABB92D4F31AE001377DC /* RickAndMorty.app */,
				AE7EABC92D4F31B1001377DC /* RickAndMortyTests.xctest */,
				AE7EABD32D4F31B1001377DC /* RickAndMortyUITests.xctest */,
			);
			name = Products;
			sourceTree = "<group>";
		};
/* End PBXGroup section */

/* Begin PBXNativeTarget section */
		AE7EABB82D4F31AE001377DC /* RickAndMorty */ = {
			isa = PBXNativeTarget;
			buildConfigurationList = AE7EABDD2D4F31B1001377DC /* Build configuration list for PBXNativeTarget "RickAndMorty" */;
			buildPhases = (
				AE7EABB52D4F31AE001377DC /* Sources */,
				AE7EABB62D4F31AE001377DC /* Frameworks */,
				AE7EABB72D4F31AE001377DC /* Resources */,
			);
			buildRules = (
			);
			dependencies = (
			);
			fileSystemSynchronizedGroups = (
				AE7EABBB2D4F31AE001377DC /* RickAndMorty */,
			);
			name = RickAndMorty;
			packageProductDependencies = (
				AE33B1B22D51DAAF00B4908F /* CombineMoya */,
				AE33B1B42D51DAAF00B4908F /* Moya */,
				AE33B1B62D51DAAF00B4908F /* ReactiveMoya */,
				AE33B1B82D51DAAF00B4908F /* RxMoya */,
				AEC1DD582D52E36200A62720 /* Swinject */,
				AEC1DD632D52E3F300A62720 /* SwinjectAutoregistration */,
			);
			productName = RickAndMorty;
			productReference = AE7EABB92D4F31AE001377DC /* RickAndMorty.app */;
			productType = "com.apple.product-type.application";
		};
		AE7EABC82D4F31B1001377DC /* RickAndMortyTests */ = {
			isa = PBXNativeTarget;
			buildConfigurationList = AE7EABE02D4F31B1001377DC /* Build configuration list for PBXNativeTarget "RickAndMortyTests" */;
			buildPhases = (
				AE7EABC52D4F31B1001377DC /* Sources */,
				AE7EABC62D4F31B1001377DC /* Frameworks */,
				AE7EABC72D4F31B1001377DC /* Resources */,
			);
			buildRules = (
			);
			dependencies = (
				AE7EABCB2D4F31B1001377DC /* PBXTargetDependency */,
			);
			fileSystemSynchronizedGroups = (
				AE7EABCC2D4F31B1001377DC /* RickAndMortyTests */,
			);
			name = RickAndMortyTests;
			packageProductDependencies = (
			);
			productName = RickAndMortyTests;
			productReference = AE7EABC92D4F31B1001377DC /* RickAndMortyTests.xctest */;
			productType = "com.apple.product-type.bundle.unit-test";
		};
		AE7EABD22D4F31B1001377DC /* RickAndMortyUITests */ = {
			isa = PBXNativeTarget;
			buildConfigurationList = AE7EABE32D4F31B1001377DC /* Build configuration list for PBXNativeTarget "RickAndMortyUITests" */;
			buildPhases = (
				AE7EABCF2D4F31B1001377DC /* Sources */,
				AE7EABD02D4F31B1001377DC /* Frameworks */,
				AE7EABD12D4F31B1001377DC /* Resources */,
			);
			buildRules = (
			);
			dependencies = (
				AE7EABD52D4F31B1001377DC /* PBXTargetDependency */,
			);
			fileSystemSynchronizedGroups = (
				AE7EABD62D4F31B1001377DC /* RickAndMortyUITests */,
			);
			name = RickAndMortyUITests;
			packageProductDependencies = (
			);
			productName = RickAndMortyUITests;
			productReference = AE7EABD32D4F31B1001377DC /* RickAndMortyUITests.xctest */;
			productType = "com.apple.product-type.bundle.ui-testing";
		};
/* End PBXNativeTarget section */

/* Begin PBXProject section */
		AE7EABB12D4F31AE001377DC /* Project object */ = {
			isa = PBXProject;
			attributes = {
				BuildIndependentTargetsInParallel = 1;
				LastSwiftUpdateCheck = 1620;
				LastUpgradeCheck = 1620;
				TargetAttributes = {
					AE7EABB82D4F31AE001377DC = {
						CreatedOnToolsVersion = 16.2;
					};
					AE7EABC82D4F31B1001377DC = {
						CreatedOnToolsVersion = 16.2;
						TestTargetID = AE7EABB82D4F31AE001377DC;
					};
					AE7EABD22D4F31B1001377DC = {
						CreatedOnToolsVersion = 16.2;
						TestTargetID = AE7EABB82D4F31AE001377DC;
					};
				};
			};
			buildConfigurationList = AE7EABB42D4F31AE001377DC /* Build configuration list for PBXProject "RickAndMorty" */;
			developmentRegion = en;
			hasScannedForEncodings = 0;
			knownRegions = (
				en,
				Base,
			);
			mainGroup = AE7EABB02D4F31AE001377DC;
			minimizedProjectReferenceProxies = 1;
			packageReferences = (
				AE33B1B12D51DAAF00B4908F /* XCRemoteSwiftPackageReference "Moya" */,
				AEC1DD572D52E36200A62720 /* XCRemoteSwiftPackageReference "Swinject" */,
				AEC1DD622D52E3F300A62720 /* XCRemoteSwiftPackageReference "SwinjectAutoregistration" */,
			);
			preferredProjectObjectVersion = 77;
			productRefGroup = AE7EABBA2D4F31AE001377DC /* Products */;
			projectDirPath = "";
			projectRoot = "";
			targets = (
				AE7EABB82D4F31AE001377DC /* RickAndMorty */,
				AE7EABC82D4F31B1001377DC /* RickAndMortyTests */,
				AE7EABD22D4F31B1001377DC /* RickAndMortyUITests */,
			);
		};
/* End PBXProject section */

/* Begin PBXResourcesBuildPhase section */
		AE7EABB72D4F31AE001377DC /* Resources */ = {
			isa = PBXResourcesBuildPhase;
			buildActionMask = 2147483647;
			files = (
			);
			runOnlyForDeploymentPostprocessing = 0;
		};
		AE7EABC72D4F31B1001377DC /* Resources */ = {
			isa = PBXResourcesBuildPhase;
			buildActionMask = 2147483647;
			files = (
			);
			runOnlyForDeploymentPostprocessing = 0;
		};
		AE7EABD12D4F31B1001377DC /* Resources */ = {
			isa = PBXResourcesBuildPhase;
			buildActionMask = 2147483647;
			files = (
			);
			runOnlyForDeploymentPostprocessing = 0;
		};
/* End PBXResourcesBuildPhase section */

/* Begin PBXSourcesBuildPhase section */
		AE7EABB52D4F31AE001377DC /* Sources */ = {
			isa = PBXSourcesBuildPhase;
			buildActionMask = 2147483647;
			files = (
			);
			runOnlyForDeploymentPostprocessing = 0;
		};
		AE7EABC52D4F31B1001377DC /* Sources */ = {
			isa = PBXSourcesBuildPhase;
			buildActionMask = 2147483647;
			files = (
			);
			runOnlyForDeploymentPostprocessing = 0;
		};
		AE7EABCF2D4F31B1001377DC /* Sources */ = {
			isa = PBXSourcesBuildPhase;
			buildActionMask = 2147483647;
			files = (
			);
			runOnlyForDeploymentPostprocessing = 0;
		};
/* End PBXSourcesBuildPhase section */

/* Begin PBXTargetDependency section */
		AE7EABCB2D4F31B1001377DC /* PBXTargetDependency */ = {
			isa = PBXTargetDependency;
			target = AE7EABB82D4F31AE001377DC /* RickAndMorty */;
			targetProxy = AE7EABCA2D4F31B1001377DC /* PBXContainerItemProxy */;
		};
		AE7EABD52D4F31B1001377DC /* PBXTargetDependency */ = {
			isa = PBXTargetDependency;
			target = AE7EABB82D4F31AE001377DC /* RickAndMorty */;
			targetProxy = AE7EABD42D4F31B1001377DC /* PBXContainerItemProxy */;
		};
/* End PBXTargetDependency section */

/* Begin XCBuildConfiguration section */
		AE7EABDB2D4F31B1001377DC /* Debug */ = {
			isa = XCBuildConfiguration;
			buildSettings = {
				ALWAYS_SEARCH_USER_PATHS = NO;
				ASSETCATALOG_COMPILER_GENERATE_SWIFT_ASSET_SYMBOL_EXTENSIONS = YES;
				CLANG_ANALYZER_NONNULL = YES;
				CLANG_ANALYZER_NUMBER_OBJECT_CONVERSION = YES_AGGRESSIVE;
				CLANG_CXX_LANGUAGE_STANDARD = "gnu++20";
				CLANG_ENABLE_MODULES = YES;
				CLANG_ENABLE_OBJC_ARC = YES;
				CLANG_ENABLE_OBJC_WEAK = YES;
				CLANG_WARN_BLOCK_CAPTURE_AUTORELEASING = YES;
				CLANG_WARN_BOOL_CONVERSION = YES;
				CLANG_WARN_COMMA = YES;
				CLANG_WARN_CONSTANT_CONVERSION = YES;
				CLANG_WARN_DEPRECATED_OBJC_IMPLEMENTATIONS = YES;
				CLANG_WARN_DIRECT_OBJC_ISA_USAGE = YES_ERROR;
				CLANG_WARN_DOCUMENTATION_COMMENTS = YES;
				CLANG_WARN_EMPTY_BODY = YES;
				CLANG_WARN_ENUM_CONVERSION = YES;
				CLANG_WARN_INFINITE_RECURSION = YES;
				CLANG_WARN_INT_CONVERSION = YES;
				CLANG_WARN_NON_LITERAL_NULL_CONVERSION = YES;
				CLANG_WARN_OBJC_IMPLICIT_RETAIN_SELF = YES;
				CLANG_WARN_OBJC_LITERAL_CONVERSION = YES;
				CLANG_WARN_OBJC_ROOT_CLASS = YES_ERROR;
				CLANG_WARN_QUOTED_INCLUDE_IN_FRAMEWORK_HEADER = YES;
				CLANG_WARN_RANGE_LOOP_ANALYSIS = YES;
				CLANG_WARN_STRICT_PROTOTYPES = YES;
				CLANG_WARN_SUSPICIOUS_MOVE = YES;
				CLANG_WARN_UNGUARDED_AVAILABILITY = YES_AGGRESSIVE;
				CLANG_WARN_UNREACHABLE_CODE = YES;
				CLANG_WARN__DUPLICATE_METHOD_MATCH = YES;
				COPY_PHASE_STRIP = NO;
				DEBUG_INFORMATION_FORMAT = dwarf;
				ENABLE_STRICT_OBJC_MSGSEND = YES;
				ENABLE_TESTABILITY = YES;
				ENABLE_USER_SCRIPT_SANDBOXING = YES;
				GCC_C_LANGUAGE_STANDARD = gnu17;
				GCC_DYNAMIC_NO_PIC = NO;
				GCC_NO_COMMON_BLOCKS = YES;
				GCC_OPTIMIZATION_LEVEL = 0;
				GCC_PREPROCESSOR_DEFINITIONS = (
					"DEBUG=1",
					"$(inherited)",
				);
				GCC_WARN_64_TO_32_BIT_CONVERSION = YES;
				GCC_WARN_ABOUT_RETURN_TYPE = YES_ERROR;
				GCC_WARN_UNDECLARED_SELECTOR = YES;
				GCC_WARN_UNINITIALIZED_AUTOS = YES_AGGRESSIVE;
				GCC_WARN_UNUSED_FUNCTION = YES;
				GCC_WARN_UNUSED_VARIABLE = YES;
				IPHONEOS_DEPLOYMENT_TARGET = 18.2;
				LOCALIZATION_PREFERS_STRING_CATALOGS = YES;
				MTL_ENABLE_DEBUG_INFO = INCLUDE_SOURCE;
				MTL_FAST_MATH = YES;
				ONLY_ACTIVE_ARCH = YES;
				SDKROOT = iphoneos;
				SWIFT_ACTIVE_COMPILATION_CONDITIONS = "DEBUG $(inherited)";
				SWIFT_OPTIMIZATION_LEVEL = "-Onone";
			};
			name = Debug;
		};
		AE7EABDC2D4F31B1001377DC /* Release */ = {
			isa = XCBuildConfiguration;
			buildSettings = {
				ALWAYS_SEARCH_USER_PATHS = NO;
				ASSETCATALOG_COMPILER_GENERATE_SWIFT_ASSET_SYMBOL_EXTENSIONS = YES;
				CLANG_ANALYZER_NONNULL = YES;
				CLANG_ANALYZER_NUMBER_OBJECT_CONVERSION = YES_AGGRESSIVE;
				CLANG_CXX_LANGUAGE_STANDARD = "gnu++20";
				CLANG_ENABLE_MODULES = YES;
				CLANG_ENABLE_OBJC_ARC = YES;
				CLANG_ENABLE_OBJC_WEAK = YES;
				CLANG_WARN_BLOCK_CAPTURE_AUTORELEASING = YES;
				CLANG_WARN_BOOL_CONVERSION = YES;
				CLANG_WARN_COMMA = YES;
				CLANG_WARN_CONSTANT_CONVERSION = YES;
				CLANG_WARN_DEPRECATED_OBJC_IMPLEMENTATIONS = YES;
				CLANG_WARN_DIRECT_OBJC_ISA_USAGE = YES_ERROR;
				CLANG_WARN_DOCUMENTATION_COMMENTS = YES;
				CLANG_WARN_EMPTY_BODY = YES;
				CLANG_WARN_ENUM_CONVERSION = YES;
				CLANG_WARN_INFINITE_RECURSION = YES;
				CLANG_WARN_INT_CONVERSION = YES;
				CLANG_WARN_NON_LITERAL_NULL_CONVERSION = YES;
				CLANG_WARN_OBJC_IMPLICIT_RETAIN_SELF = YES;
				CLANG_WARN_OBJC_LITERAL_CONVERSION = YES;
				CLANG_WARN_OBJC_ROOT_CLASS = YES_ERROR;
				CLANG_WARN_QUOTED_INCLUDE_IN_FRAMEWORK_HEADER = YES;
				CLANG_WARN_RANGE_LOOP_ANALYSIS = YES;
				CLANG_WARN_STRICT_PROTOTYPES = YES;
				CLANG_WARN_SUSPICIOUS_MOVE = YES;
				CLANG_WARN_UNGUARDED_AVAILABILITY = YES_AGGRESSIVE;
				CLANG_WARN_UNREACHABLE_CODE = YES;
				CLANG_WARN__DUPLICATE_METHOD_MATCH = YES;
				COPY_PHASE_STRIP = NO;
				DEBUG_INFORMATION_FORMAT = "dwarf-with-dsym";
				ENABLE_NS_ASSERTIONS = NO;
				ENABLE_STRICT_OBJC_MSGSEND = YES;
				ENABLE_USER_SCRIPT_SANDBOXING = YES;
				GCC_C_LANGUAGE_STANDARD = gnu17;
				GCC_NO_COMMON_BLOCKS = YES;
				GCC_WARN_64_TO_32_BIT_CONVERSION = YES;
				GCC_WARN_ABOUT_RETURN_TYPE = YES_ERROR;
				GCC_WARN_UNDECLARED_SELECTOR = YES;
				GCC_WARN_UNINITIALIZED_AUTOS = YES_AGGRESSIVE;
				GCC_WARN_UNUSED_FUNCTION = YES;
				GCC_WARN_UNUSED_VARIABLE = YES;
				IPHONEOS_DEPLOYMENT_TARGET = 18.2;
				LOCALIZATION_PREFERS_STRING_CATALOGS = YES;
				MTL_ENABLE_DEBUG_INFO = NO;
				MTL_FAST_MATH = YES;
				SDKROOT = iphoneos;
				SWIFT_COMPILATION_MODE = wholemodule;
				VALIDATE_PRODUCT = YES;
			};
			name = Release;
		};
		AE7EABDE2D4F31B1001377DC /* Debug */ = {
			isa = XCBuildConfiguration;
			buildSettings = {
				ASSETCATALOG_COMPILER_APPICON_NAME = AppIcon;
				ASSETCATALOG_COMPILER_GLOBAL_ACCENT_COLOR_NAME = AccentColor;
				ASSETCATALOG_COMPILER_INCLUDE_ALL_APPICON_ASSETS = YES;
				CODE_SIGN_STYLE = Automatic;
				CURRENT_PROJECT_VERSION = 1;
				DEVELOPMENT_ASSET_PATHS = "\"RickAndMorty/Preview Content\"";
				DEVELOPMENT_TEAM = V98X7TPY6R;
				ENABLE_PREVIEWS = YES;
				GENERATE_INFOPLIST_FILE = YES;
				INFOPLIST_KEY_CFBundleDisplayName = "Rick And Morty";
				INFOPLIST_KEY_LSApplicationCategoryType = "public.app-category.reference";
				INFOPLIST_KEY_UIApplicationSceneManifest_Generation = YES;
				INFOPLIST_KEY_UIApplicationSupportsIndirectInputEvents = YES;
				INFOPLIST_KEY_UILaunchScreen_Generation = YES;
				INFOPLIST_KEY_UILaunchStoryboardName = LaunchScreen;
				INFOPLIST_KEY_UISupportedInterfaceOrientations_iPad = "UIInterfaceOrientationPortrait UIInterfaceOrientationPortraitUpsideDown UIInterfaceOrientationLandscapeLeft UIInterfaceOrientationLandscapeRight";
				INFOPLIST_KEY_UISupportedInterfaceOrientations_iPhone = "UIInterfaceOrientationPortrait UIInterfaceOrientationLandscapeLeft UIInterfaceOrientationLandscapeRight";
				IPHONEOS_DEPLOYMENT_TARGET = 16.6;
				LD_RUNPATH_SEARCH_PATHS = (
					"$(inherited)",
					"@executable_path/Frameworks",
				);
				MARKETING_VERSION = 1.0;
				PRODUCT_BUNDLE_IDENTIFIER = practice.examples.RickAndMorty;
				PRODUCT_NAME = "$(TARGET_NAME)";
				SWIFT_EMIT_LOC_STRINGS = YES;
				SWIFT_VERSION = 5.0;
				TARGETED_DEVICE_FAMILY = "1,2";
			};
			name = Debug;
		};
		AE7EABDF2D4F31B1001377DC /* Release */ = {
			isa = XCBuildConfiguration;
			buildSettings = {
				ASSETCATALOG_COMPILER_APPICON_NAME = AppIcon;
				ASSETCATALOG_COMPILER_GLOBAL_ACCENT_COLOR_NAME = AccentColor;
				ASSETCATALOG_COMPILER_INCLUDE_ALL_APPICON_ASSETS = YES;
				CODE_SIGN_STYLE = Automatic;
				CURRENT_PROJECT_VERSION = 1;
				DEVELOPMENT_ASSET_PATHS = "\"RickAndMorty/Preview Content\"";
				DEVELOPMENT_TEAM = V98X7TPY6R;
				ENABLE_PREVIEWS = YES;
				GENERATE_INFOPLIST_FILE = YES;
				INFOPLIST_KEY_CFBundleDisplayName = "Rick And Morty";
				INFOPLIST_KEY_LSApplicationCategoryType = "public.app-category.reference";
				INFOPLIST_KEY_UIApplicationSceneManifest_Generation = YES;
				INFOPLIST_KEY_UIApplicationSupportsIndirectInputEvents = YES;
				INFOPLIST_KEY_UILaunchScreen_Generation = YES;
				INFOPLIST_KEY_UILaunchStoryboardName = LaunchScreen;
				INFOPLIST_KEY_UISupportedInterfaceOrientations_iPad = "UIInterfaceOrientationPortrait UIInterfaceOrientationPortraitUpsideDown UIInterfaceOrientationLandscapeLeft UIInterfaceOrientationLandscapeRight";
				INFOPLIST_KEY_UISupportedInterfaceOrientations_iPhone = "UIInterfaceOrientationPortrait UIInterfaceOrientationLandscapeLeft UIInterfaceOrientationLandscapeRight";
				IPHONEOS_DEPLOYMENT_TARGET = 16.6;
				LD_RUNPATH_SEARCH_PATHS = (
					"$(inherited)",
					"@executable_path/Frameworks",
				);
				MARKETING_VERSION = 1.0;
				PRODUCT_BUNDLE_IDENTIFIER = practice.examples.RickAndMorty;
				PRODUCT_NAME = "$(TARGET_NAME)";
				SWIFT_EMIT_LOC_STRINGS = YES;
				SWIFT_VERSION = 5.0;
				TARGETED_DEVICE_FAMILY = "1,2";
			};
			name = Release;
		};
		AE7EABE12D4F31B1001377DC /* Debug */ = {
			isa = XCBuildConfiguration;
			buildSettings = {
				BUNDLE_LOADER = "$(TEST_HOST)";
				CODE_SIGN_STYLE = Automatic;
				CURRENT_PROJECT_VERSION = 1;
				DEVELOPMENT_TEAM = V98X7TPY6R;
				GENERATE_INFOPLIST_FILE = YES;
				IPHONEOS_DEPLOYMENT_TARGET = 18.2;
				MARKETING_VERSION = 1.0;
				PRODUCT_BUNDLE_IDENTIFIER = practice.examples.RickAndMortyTests;
				PRODUCT_NAME = "$(TARGET_NAME)";
				SWIFT_EMIT_LOC_STRINGS = NO;
				SWIFT_VERSION = 5.0;
				TARGETED_DEVICE_FAMILY = "1,2";
				TEST_HOST = "$(BUILT_PRODUCTS_DIR)/RickAndMorty.app/$(BUNDLE_EXECUTABLE_FOLDER_PATH)/RickAndMorty";
			};
			name = Debug;
		};
		AE7EABE22D4F31B1001377DC /* Release */ = {
			isa = XCBuildConfiguration;
			buildSettings = {
				BUNDLE_LOADER = "$(TEST_HOST)";
				CODE_SIGN_STYLE = Automatic;
				CURRENT_PROJECT_VERSION = 1;
				DEVELOPMENT_TEAM = V98X7TPY6R;
				GENERATE_INFOPLIST_FILE = YES;
				IPHONEOS_DEPLOYMENT_TARGET = 18.2;
				MARKETING_VERSION = 1.0;
				PRODUCT_BUNDLE_IDENTIFIER = practice.examples.RickAndMortyTests;
				PRODUCT_NAME = "$(TARGET_NAME)";
				SWIFT_EMIT_LOC_STRINGS = NO;
				SWIFT_VERSION = 5.0;
				TARGETED_DEVICE_FAMILY = "1,2";
				TEST_HOST = "$(BUILT_PRODUCTS_DIR)/RickAndMorty.app/$(BUNDLE_EXECUTABLE_FOLDER_PATH)/RickAndMorty";
			};
			name = Release;
		};
		AE7EABE42D4F31B1001377DC /* Debug */ = {
			isa = XCBuildConfiguration;
			buildSettings = {
				CODE_SIGN_STYLE = Automatic;
				CURRENT_PROJECT_VERSION = 1;
				DEVELOPMENT_TEAM = V98X7TPY6R;
				GENERATE_INFOPLIST_FILE = YES;
				MARKETING_VERSION = 1.0;
				PRODUCT_BUNDLE_IDENTIFIER = practice.examples.RickAndMortyUITests;
				PRODUCT_NAME = "$(TARGET_NAME)";
				SWIFT_EMIT_LOC_STRINGS = NO;
				SWIFT_VERSION = 5.0;
				TARGETED_DEVICE_FAMILY = "1,2";
				TEST_TARGET_NAME = RickAndMorty;
			};
			name = Debug;
		};
		AE7EABE52D4F31B1001377DC /* Release */ = {
			isa = XCBuildConfiguration;
			buildSettings = {
				CODE_SIGN_STYLE = Automatic;
				CURRENT_PROJECT_VERSION = 1;
				DEVELOPMENT_TEAM = V98X7TPY6R;
				GENERATE_INFOPLIST_FILE = YES;
				MARKETING_VERSION = 1.0;
				PRODUCT_BUNDLE_IDENTIFIER = practice.examples.RickAndMortyUITests;
				PRODUCT_NAME = "$(TARGET_NAME)";
				SWIFT_EMIT_LOC_STRINGS = NO;
				SWIFT_VERSION = 5.0;
				TARGETED_DEVICE_FAMILY = "1,2";
				TEST_TARGET_NAME = RickAndMorty;
			};
			name = Release;
		};
/* End XCBuildConfiguration section */

/* Begin XCConfigurationList section */
		AE7EABB42D4F31AE001377DC /* Build configuration list for PBXProject "RickAndMorty" */ = {
			isa = XCConfigurationList;
			buildConfigurations = (
				AE7EABDB2D4F31B1001377DC /* Debug */,
				AE7EABDC2D4F31B1001377DC /* Release */,
			);
			defaultConfigurationIsVisible = 0;
			defaultConfigurationName = Release;
		};
		AE7EABDD2D4F31B1001377DC /* Build configuration list for PBXNativeTarget "RickAndMorty" */ = {
			isa = XCConfigurationList;
			buildConfigurations = (
				AE7EABDE2D4F31B1001377DC /* Debug */,
				AE7EABDF2D4F31B1001377DC /* Release */,
			);
			defaultConfigurationIsVisible = 0;
			defaultConfigurationName = Release;
		};
		AE7EABE02D4F31B1001377DC /* Build configuration list for PBXNativeTarget "RickAndMortyTests" */ = {
			isa = XCConfigurationList;
			buildConfigurations = (
				AE7EABE12D4F31B1001377DC /* Debug */,
				AE7EABE22D4F31B1001377DC /* Release */,
			);
			defaultConfigurationIsVisible = 0;
			defaultConfigurationName = Release;
		};
		AE7EABE32D4F31B1001377DC /* Build configuration list for PBXNativeTarget "RickAndMortyUITests" */ = {
			isa = XCConfigurationList;
			buildConfigurations = (
				AE7EABE42D4F31B1001377DC /* Debug */,
				AE7EABE52D4F31B1001377DC /* Release */,
			);
			defaultConfigurationIsVisible = 0;
			defaultConfigurationName = Release;
		};
/* End XCConfigurationList section */

/* Begin XCRemoteSwiftPackageReference section */
		AE33B1B12D51DAAF00B4908F /* XCRemoteSwiftPackageReference "Moya" */ = {
			isa = XCRemoteSwiftPackageReference;
			repositoryURL = "https://github.com/Moya/Moya";
			requirement = {
				kind = upToNextMajorVersion;
				minimumVersion = 15.0.3;
			};
		};
		AEC1DD572D52E36200A62720 /* XCRemoteSwiftPackageReference "Swinject" */ = {
			isa = XCRemoteSwiftPackageReference;
			repositoryURL = "https://github.com/Swinject/Swinject";
			requirement = {
				kind = upToNextMajorVersion;
				minimumVersion = 2.9.1;
			};
		};
		AEC1DD622D52E3F300A62720 /* XCRemoteSwiftPackageReference "SwinjectAutoregistration" */ = {
			isa = XCRemoteSwiftPackageReference;
			repositoryURL = "https://github.com/Swinject/SwinjectAutoregistration";
			requirement = {
				kind = upToNextMajorVersion;
				minimumVersion = 2.9.1;
			};
		};
/* End XCRemoteSwiftPackageReference section */

/* Begin XCSwiftPackageProductDependency section */
		AE33B1B22D51DAAF00B4908F /* CombineMoya */ = {
			isa = XCSwiftPackageProductDependency;
			package = AE33B1B12D51DAAF00B4908F /* XCRemoteSwiftPackageReference "Moya" */;
			productName = CombineMoya;
		};
		AE33B1B42D51DAAF00B4908F /* Moya */ = {
			isa = XCSwiftPackageProductDependency;
			package = AE33B1B12D51DAAF00B4908F /* XCRemoteSwiftPackageReference "Moya" */;
			productName = Moya;
		};
		AE33B1B62D51DAAF00B4908F /* ReactiveMoya */ = {
			isa = XCSwiftPackageProductDependency;
			package = AE33B1B12D51DAAF00B4908F /* XCRemoteSwiftPackageReference "Moya" */;
			productName = ReactiveMoya;
		};
		AE33B1B82D51DAAF00B4908F /* RxMoya */ = {
			isa = XCSwiftPackageProductDependency;
			package = AE33B1B12D51DAAF00B4908F /* XCRemoteSwiftPackageReference "Moya" */;
			productName = RxMoya;
		};
		AEC1DD582D52E36200A62720 /* Swinject */ = {
			isa = XCSwiftPackageProductDependency;
			package = AEC1DD572D52E36200A62720 /* XCRemoteSwiftPackageReference "Swinject" */;
			productName = Swinject;
		};
		AEC1DD632D52E3F300A62720 /* SwinjectAutoregistration */ = {
			isa = XCSwiftPackageProductDependency;
			package = AEC1DD622D52E3F300A62720 /* XCRemoteSwiftPackageReference "SwinjectAutoregistration" */;
			productName = SwinjectAutoregistration;
		};
/* End XCSwiftPackageProductDependency section */
	};
	rootObject = AE7EABB12D4F31AE001377DC /* Project object */;
}
